<Solution>
  <Folder Name="/src/">
    <Project Path="src/Obscura.Application/Obscura.Application.csproj" />
    <Project Path="src/Obscura.Api/Obscura.Api.csproj" />
    <Project Path="src/Obscura.Contracts/Obscura.Contracts.csproj" />
    <Project Path="src/Obscura.Domain/Obscura.Domain.csproj" />
    <Project Path="src/Obscura.Infrastructure/Obscura.Infrastructure.csproj" />
    <Project Path="src/Obscura.Worker/Obscura.Worker.csproj" />
  </Folder>
  <Folder Name="/tests/">
    <Project Path="tests/Obscura.Api.Tests/Obscura.Api.Tests.csproj" />
    <Project Path="tests/Obscura.Domain.Tests/Obscura.Domain.Tests.csproj" />
    <Project Path="tests/Obscura.Infrastructure.Tests/Obscura.Infrastructure.Tests.csproj" />
  </Folder>
</Solution>
